
Microsoft Visual Studio Solution File, Format Version 12.00
# Visual Studio Version 16
VisualStudioVersion = 16.0.30907.101
MinimumVisualStudioVersion = 10.0.40219.1
Project("{FAE04EC0-301F-11D3-BF4B-00C04F79EFBC}") = "CRUDSystem", "CRUDSystem\CRUDSystem.csproj", "{4F21FADA-7CE0-473D-909F-7324D389ABC8}"
EndProject
Global
	GlobalSection(SolutionConfigurationPlatforms) = preSolution
		Debug|Any CPU = Debug|Any CPU
		Release|Any CPU = Release|Any CPU
	EndGlobalSection
	GlobalSection(ProjectConfigurationPlatforms) = postSolution
		{4F21FADA-7CE0-473D-909F-7324D389ABC8}.Debug|Any CPU.ActiveCfg = Debug|Any CPU
		{4F21FADA-7CE0-473D-909F-7324D389ABC8}.Debug|Any CPU.Build.0 = Debug|Any CPU
		{4F21FADA-7CE0-473D-909F-7324D389ABC8}.Release|Any CPU.ActiveCfg = Release|Any CPU
		{4F21FADA-7CE0-473D-909F-7324D389ABC8}.Release|Any CPU.Build.0 = Release|Any CPU
	EndGlobalSection
	GlobalSection(SolutionProperties) = preSolution
		HideSolutionNode = FALSE
	EndGlobalSection
	GlobalSection(ExtensibilityGlobals) = postSolution
		SolutionGuid = {65C3B3FE-AFA2-4CBA-AF8A-E57E5DB739F6}
	EndGlobalSection
EndGlobal
